
Microsoft Visual Studio Solution File, Format Version 12.00
# Visual Studio Version 17
VisualStudioVersion = 17.6.33723.286
MinimumVisualStudioVersion = 10.0.40219.1
Project("{9A19103F-16F7-4668-BE54-9A1E7A4F7556}") = "AkınTurizmProje", "AkınHotelProje\AkınTurizmProje.csproj", "{8DF8BBDB-2013-4FDA-9345-AB5A45987CD6}"
EndProject
Project("{9A19103F-16F7-4668-BE54-9A1E7A4F7556}") = "EntityLayer", "EntityLayer\EntityLayer.csproj", "{0E249E7C-7079-45FF-9E8F-353BF8F8FD07}"
EndProject
Project("{9A19103F-16F7-4668-BE54-9A1E7A4F7556}") = "DataAccessLayer", "DataAccessLayer\DataAccessLayer.csproj", "{61DF574A-DD23-42B9-BF94-93819A653492}"
EndProject
Project("{9A19103F-16F7-4668-BE54-9A1E7A4F7556}") = "BusinessLayer", "BusinessLayer\BusinessLayer.csproj", "{77A8A4A8-FFFC-4676-90C4-AEA633A636F2}"
EndProject
Global
	GlobalSection(SolutionConfigurationPlatforms) = preSolution
		Debug|Any CPU = Debug|Any CPU
		Release|Any CPU = Release|Any CPU
	EndGlobalSection
	GlobalSection(ProjectConfigurationPlatforms) = postSolution
		{8DF8BBDB-2013-4FDA-9345-AB5A45987CD6}.Debug|Any CPU.ActiveCfg = Debug|Any CPU
		{8DF8BBDB-2013-4FDA-9345-AB5A45987CD6}.Debug|Any CPU.Build.0 = Debug|Any CPU
		{8DF8BBDB-2013-4FDA-9345-AB5A45987CD6}.Release|Any CPU.ActiveCfg = Release|Any CPU
		{8DF8BBDB-2013-4FDA-9345-AB5A45987CD6}.Release|Any CPU.Build.0 = Release|Any CPU
		{0E249E7C-7079-45FF-9E8F-353BF8F8FD07}.Debug|Any CPU.ActiveCfg = Debug|Any CPU
		{0E249E7C-7079-45FF-9E8F-353BF8F8FD07}.Debug|Any CPU.Build.0 = Debug|Any CPU
		{0E249E7C-7079-45FF-9E8F-353BF8F8FD07}.Release|Any CPU.ActiveCfg = Release|Any CPU
		{0E249E7C-7079-45FF-9E8F-353BF8F8FD07}.Release|Any CPU.Build.0 = Release|Any CPU
		{61DF574A-DD23-42B9-BF94-93819A653492}.Debug|Any CPU.ActiveCfg = Debug|Any CPU
		{61DF574A-DD23-42B9-BF94-93819A653492}.Debug|Any CPU.Build.0 = Debug|Any CPU
		{61DF574A-DD23-42B9-BF94-93819A653492}.Release|Any CPU.ActiveCfg = Release|Any CPU
		{61DF574A-DD23-42B9-BF94-93819A653492}.Release|Any CPU.Build.0 = Release|Any CPU
		{77A8A4A8-FFFC-4676-90C4-AEA633A636F2}.Debug|Any CPU.ActiveCfg = Debug|Any CPU
		{77A8A4A8-FFFC-4676-90C4-AEA633A636F2}.Debug|Any CPU.Build.0 = Debug|Any CPU
		{77A8A4A8-FFFC-4676-90C4-AEA633A636F2}.Release|Any CPU.ActiveCfg = Release|Any CPU
		{77A8A4A8-FFFC-4676-90C4-AEA633A636F2}.Release|Any CPU.Build.0 = Release|Any CPU
	EndGlobalSection
	GlobalSection(SolutionProperties) = preSolution
		HideSolutionNode = FALSE
	EndGlobalSection
	GlobalSection(ExtensibilityGlobals) = postSolution
		SolutionGuid = {61197E68-1C17-4674-87DE-20DC430A7595}
	EndGlobalSection
EndGlobal
